
Microsoft Visual Studio Solution File, Format Version 11.00
# Visual Studio 2010
Project("{FAE04EC0-301F-11D3-BF4B-00C04F79EFBC}") = "Assembly-CSharp", "Assembly-CSharp.csproj", "{A9A832D8-A21F-3AEA-5E13-FD4ECC1650C7}"
EndProject
Project("{FAE04EC0-301F-11D3-BF4B-00C04F79EFBC}") = "Assembly-CSharp-firstpass", "Assembly-CSharp-firstpass.csproj", "{AC09C6D8-9443-2E6E-F389-ADDE58E5B66D}"
EndProject
Project("{FAE04EC0-301F-11D3-BF4B-00C04F79EFBC}") = "Assembly-CSharp-Editor-firstpass", "Assembly-CSharp-Editor-firstpass.csproj", "{C1599A68-60A7-4845-9015-16F9AB0152E8}"
EndProject
Global
	GlobalSection(SolutionConfigurationPlatforms) = preSolution
		Debug|Any CPU = Debug|Any CPU
		Release|Any CPU = Release|Any CPU
	EndGlobalSection
	GlobalSection(ProjectConfigurationPlatforms) = postSolution
		{A9A832D8-A21F-3AEA-5E13-FD4ECC1650C7}.Debug|Any CPU.ActiveCfg = Debug|Any CPU
		{A9A832D8-A21F-3AEA-5E13-FD4ECC1650C7}.Debug|Any CPU.Build.0 = Debug|Any CPU
		{A9A832D8-A21F-3AEA-5E13-FD4ECC1650C7}.Release|Any CPU.ActiveCfg = Release|Any CPU
		{A9A832D8-A21F-3AEA-5E13-FD4ECC1650C7}.Release|Any CPU.Build.0 = Release|Any CPU
		{AC09C6D8-9443-2E6E-F389-ADDE58E5B66D}.Debug|Any CPU.ActiveCfg = Debug|Any CPU
		{AC09C6D8-9443-2E6E-F389-ADDE58E5B66D}.Debug|Any CPU.Build.0 = Debug|Any CPU
		{AC09C6D8-9443-2E6E-F389-ADDE58E5B66D}.Release|Any CPU.ActiveCfg = Release|Any CPU
		{AC09C6D8-9443-2E6E-F389-ADDE58E5B66D}.Release|Any CPU.Build.0 = Release|Any CPU
		{C1599A68-60A7-4845-9015-16F9AB0152E8}.Debug|Any CPU.ActiveCfg = Debug|Any CPU
		{C1599A68-60A7-4845-9015-16F9AB0152E8}.Debug|Any CPU.Build.0 = Debug|Any CPU
		{C1599A68-60A7-4845-9015-16F9AB0152E8}.Release|Any CPU.ActiveCfg = Release|Any CPU
		{C1599A68-60A7-4845-9015-16F9AB0152E8}.Release|Any CPU.Build.0 = Release|Any CPU
	EndGlobalSection
	GlobalSection(SolutionProperties) = preSolution
		HideSolutionNode = FALSE
	EndGlobalSection
	GlobalSection(MonoDevelopProperties) = preSolution
		StartupItem = Assembly-CSharp.csproj
	EndGlobalSection
EndGlobal
